
Microsoft Visual Studio Solution File, Format Version 12.00
# Visual Studio 2013
VisualStudioVersion = 12.0.31101.0
MinimumVisualStudioVersion = 10.0.40219.1
Project("{FAE04EC0-301F-11D3-BF4B-00C04F79EFBC}") = "Hover.Board", "Hover.Board\Hover.Board.csproj", "{D7B4A4DE-91B6-4E17-8481-60AA8109CE10}"
EndProject
Project("{FAE04EC0-301F-11D3-BF4B-00C04F79EFBC}") = "Hover.Board.Devices.Leap", "Hover.Board.Devices.Leap\Hover.Board.Devices.Leap.csproj", "{50DD87E3-3C5A-4803-8123-A1CB3B93A533}"
EndProject
Project("{FAE04EC0-301F-11D3-BF4B-00C04F79EFBC}") = "Hover.Cast", "Hover.Cast\Hover.Cast.csproj", "{112FF634-EB3E-4351-B0BB-7729E455416E}"
EndProject
Project("{FAE04EC0-301F-11D3-BF4B-00C04F79EFBC}") = "Hover.Cast.Devices.Leap", "Hover.Cast.Devices.Leap\Hover.Cast.Devices.Leap.csproj", "{8B370DAB-7CAE-4588-9FD6-E888A453B16D}"
EndProject
Project("{FAE04EC0-301F-11D3-BF4B-00C04F79EFBC}") = "Hover.Common", "Hover.Common\Hover.Common.csproj", "{F60AF979-92BB-498A-BD95-34070B69E9DD}"
EndProject
Project("{FAE04EC0-301F-11D3-BF4B-00C04F79EFBC}") = "Hover.Demo", "Hover.Demo\Hover.Demo.csproj", "{C9A710B7-6242-418E-96F9-A06170B968B4}"
EndProject
Project("{FAE04EC0-301F-11D3-BF4B-00C04F79EFBC}") = "Hover.Common.Devices.Leap", "Hover.Common.Devices.Leap\Hover.Common.Devices.Leap.csproj", "{FC2F139F-D831-444C-8C90-872358630C8C}"
EndProject
Project("{FAE04EC0-301F-11D3-BF4B-00C04F79EFBC}") = "Hover.Cursor", "Hover.Cursor\Hover.Cursor.csproj", "{4083EA67-68C8-4B34-A210-6A8A2B96CB95}"
EndProject
Project("{FAE04EC0-301F-11D3-BF4B-00C04F79EFBC}") = "Hover.Cursor.Devices.Leap", "Hover.Cursor.Devices.Leap\Hover.Cursor.Devices.Leap.csproj", "{20C93B78-C1C2-4FC7-98CF-2A5CBFEAAAE9}"
EndProject
Global
	GlobalSection(SolutionConfigurationPlatforms) = preSolution
		Debug|Any CPU = Debug|Any CPU
		Release|Any CPU = Release|Any CPU
	EndGlobalSection
	GlobalSection(ProjectConfigurationPlatforms) = postSolution
		{D7B4A4DE-91B6-4E17-8481-60AA8109CE10}.Debug|Any CPU.ActiveCfg = Debug|Any CPU
		{D7B4A4DE-91B6-4E17-8481-60AA8109CE10}.Debug|Any CPU.Build.0 = Debug|Any CPU
		{D7B4A4DE-91B6-4E17-8481-60AA8109CE10}.Release|Any CPU.ActiveCfg = Release|Any CPU
		{D7B4A4DE-91B6-4E17-8481-60AA8109CE10}.Release|Any CPU.Build.0 = Release|Any CPU
		{50DD87E3-3C5A-4803-8123-A1CB3B93A533}.Debug|Any CPU.ActiveCfg = Debug|Any CPU
		{50DD87E3-3C5A-4803-8123-A1CB3B93A533}.Debug|Any CPU.Build.0 = Debug|Any CPU
		{50DD87E3-3C5A-4803-8123-A1CB3B93A533}.Release|Any CPU.ActiveCfg = Release|Any CPU
		{50DD87E3-3C5A-4803-8123-A1CB3B93A533}.Release|Any CPU.Build.0 = Release|Any CPU
		{112FF634-EB3E-4351-B0BB-7729E455416E}.Debug|Any CPU.ActiveCfg = Debug|Any CPU
		{112FF634-EB3E-4351-B0BB-7729E455416E}.Debug|Any CPU.Build.0 = Debug|Any CPU
		{112FF634-EB3E-4351-B0BB-7729E455416E}.Release|Any CPU.ActiveCfg = Release|Any CPU
		{112FF634-EB3E-4351-B0BB-7729E455416E}.Release|Any CPU.Build.0 = Release|Any CPU
		{8B370DAB-7CAE-4588-9FD6-E888A453B16D}.Debug|Any CPU.ActiveCfg = Debug|Any CPU
		{8B370DAB-7CAE-4588-9FD6-E888A453B16D}.Debug|Any CPU.Build.0 = Debug|Any CPU
		{8B370DAB-7CAE-4588-9FD6-E888A453B16D}.Release|Any CPU.ActiveCfg = Release|Any CPU
		{8B370DAB-7CAE-4588-9FD6-E888A453B16D}.Release|Any CPU.Build.0 = Release|Any CPU
		{F60AF979-92BB-498A-BD95-34070B69E9DD}.Debug|Any CPU.ActiveCfg = Debug|Any CPU
		{F60AF979-92BB-498A-BD95-34070B69E9DD}.Debug|Any CPU.Build.0 = Debug|Any CPU
		{F60AF979-92BB-498A-BD95-34070B69E9DD}.Release|Any CPU.ActiveCfg = Release|Any CPU
		{F60AF979-92BB-498A-BD95-34070B69E9DD}.Release|Any CPU.Build.0 = Release|Any CPU
		{C9A710B7-6242-418E-96F9-A06170B968B4}.Debug|Any CPU.ActiveCfg = Debug|Any CPU
		{C9A710B7-6242-418E-96F9-A06170B968B4}.Debug|Any CPU.Build.0 = Debug|Any CPU
		{C9A710B7-6242-418E-96F9-A06170B968B4}.Release|Any CPU.ActiveCfg = Release|Any CPU
		{C9A710B7-6242-418E-96F9-A06170B968B4}.Release|Any CPU.Build.0 = Release|Any CPU
		{FC2F139F-D831-444C-8C90-872358630C8C}.Debug|Any CPU.ActiveCfg = Debug|Any CPU
		{FC2F139F-D831-444C-8C90-872358630C8C}.Debug|Any CPU.Build.0 = Debug|Any CPU
		{FC2F139F-D831-444C-8C90-872358630C8C}.Release|Any CPU.ActiveCfg = Release|Any CPU
		{FC2F139F-D831-444C-8C90-872358630C8C}.Release|Any CPU.Build.0 = Release|Any CPU
		{4083EA67-68C8-4B34-A210-6A8A2B96CB95}.Debug|Any CPU.ActiveCfg = Debug|Any CPU
		{4083EA67-68C8-4B34-A210-6A8A2B96CB95}.Debug|Any CPU.Build.0 = Debug|Any CPU
		{4083EA67-68C8-4B34-A210-6A8A2B96CB95}.Release|Any CPU.ActiveCfg = Release|Any CPU
		{4083EA67-68C8-4B34-A210-6A8A2B96CB95}.Release|Any CPU.Build.0 = Release|Any CPU
		{20C93B78-C1C2-4FC7-98CF-2A5CBFEAAAE9}.Debug|Any CPU.ActiveCfg = Debug|Any CPU
		{20C93B78-C1C2-4FC7-98CF-2A5CBFEAAAE9}.Debug|Any CPU.Build.0 = Debug|Any CPU
		{20C93B78-C1C2-4FC7-98CF-2A5CBFEAAAE9}.Release|Any CPU.ActiveCfg = Release|Any CPU
		{20C93B78-C1C2-4FC7-98CF-2A5CBFEAAAE9}.Release|Any CPU.Build.0 = Release|Any CPU
	EndGlobalSection
	GlobalSection(SolutionProperties) = preSolution
		HideSolutionNode = FALSE
	EndGlobalSection
EndGlobal
